
Microsoft Visual Studio Solution File, Format Version 12.00
# Visual Studio Version 17
VisualStudioVersion = 17.0.31903.59
MinimumVisualStudioVersion = 10.0.40219.1
Project("{FAE04EC0-301F-11D3-BF4B-00C04F79EFBC}") = "LightNotes.API", "LightNotes.API\LightNotes.API.csproj", "{4E8F5EE3-77C1-44B6-826F-3FA7830C0FE3}"
EndProject
Project("{FAE04EC0-301F-11D3-BF4B-00C04F79EFBC}") = "LightNotes.Application", "LightNotes.Application\LightNotes.Application.csproj", "{EAD35C67-9B2C-4CC7-B588-2570CD430289}"
EndProject
Project("{FAE04EC0-301F-11D3-BF4B-00C04F79EFBC}") = "LightNotes.Infrastructure", "LightNotes.Infrastructure\LightNotes.Infrastructure.csproj", "{B908D124-C0E5-4C50-966B-5EA192BAE4AA}"
EndProject
Project("{FAE04EC0-301F-11D3-BF4B-00C04F79EFBC}") = "LightNotes.Domain", "LightNotes.Domain\LightNotes.Domain.csproj", "{53A7AAAB-A681-4696-AF30-ED07CED56D37}"
EndProject
Project("{FAE04EC0-301F-11D3-BF4B-00C04F79EFBC}") = "LightNotes.Tests", "LightNotes.Tests\LightNotes.Tests.csproj", "{B626DBD6-ED20-48CE-8955-433DE56276D7}"
EndProject
Global
	GlobalSection(SolutionConfigurationPlatforms) = preSolution
		Debug|Any CPU = Debug|Any CPU
		Release|Any CPU = Release|Any CPU
	EndGlobalSection
	GlobalSection(SolutionProperties) = preSolution
		HideSolutionNode = FALSE
	EndGlobalSection
	GlobalSection(ProjectConfigurationPlatforms) = postSolution
		{4E8F5EE3-77C1-44B6-826F-3FA7830C0FE3}.Debug|Any CPU.ActiveCfg = Debug|Any CPU
		{4E8F5EE3-77C1-44B6-826F-3FA7830C0FE3}.Debug|Any CPU.Build.0 = Debug|Any CPU
		{4E8F5EE3-77C1-44B6-826F-3FA7830C0FE3}.Release|Any CPU.ActiveCfg = Release|Any CPU
		{4E8F5EE3-77C1-44B6-826F-3FA7830C0FE3}.Release|Any CPU.Build.0 = Release|Any CPU
		{EAD35C67-9B2C-4CC7-B588-2570CD430289}.Debug|Any CPU.ActiveCfg = Debug|Any CPU
		{EAD35C67-9B2C-4CC7-B588-2570CD430289}.Debug|Any CPU.Build.0 = Debug|Any CPU
		{EAD35C67-9B2C-4CC7-B588-2570CD430289}.Release|Any CPU.ActiveCfg = Release|Any CPU
		{EAD35C67-9B2C-4CC7-B588-2570CD430289}.Release|Any CPU.Build.0 = Release|Any CPU
		{B908D124-C0E5-4C50-966B-5EA192BAE4AA}.Debug|Any CPU.ActiveCfg = Debug|Any CPU
		{B908D124-C0E5-4C50-966B-5EA192BAE4AA}.Debug|Any CPU.Build.0 = Debug|Any CPU
		{B908D124-C0E5-4C50-966B-5EA192BAE4AA}.Release|Any CPU.ActiveCfg = Release|Any CPU
		{B908D124-C0E5-4C50-966B-5EA192BAE4AA}.Release|Any CPU.Build.0 = Release|Any CPU
		{53A7AAAB-A681-4696-AF30-ED07CED56D37}.Debug|Any CPU.ActiveCfg = Debug|Any CPU
		{53A7AAAB-A681-4696-AF30-ED07CED56D37}.Debug|Any CPU.Build.0 = Debug|Any CPU
		{53A7AAAB-A681-4696-AF30-ED07CED56D37}.Release|Any CPU.ActiveCfg = Release|Any CPU
		{53A7AAAB-A681-4696-AF30-ED07CED56D37}.Release|Any CPU.Build.0 = Release|Any CPU
		{B626DBD6-ED20-48CE-8955-433DE56276D7}.Debug|Any CPU.ActiveCfg = Debug|Any CPU
		{B626DBD6-ED20-48CE-8955-433DE56276D7}.Debug|Any CPU.Build.0 = Debug|Any CPU
		{B626DBD6-ED20-48CE-8955-433DE56276D7}.Release|Any CPU.ActiveCfg = Release|Any CPU
		{B626DBD6-ED20-48CE-8955-433DE56276D7}.Release|Any CPU.Build.0 = Release|Any CPU
	EndGlobalSection
EndGlobal
